
Microsoft Visual Studio Solution File, Format Version 12.00
# Visual Studio Version 17
VisualStudioVersion = 17.10.35013.160
MinimumVisualStudioVersion = 10.0.40219.1
Project("{9A19103F-16F7-4668-BE54-9A1E7A4F7556}") = "Basic", "Basic\Basic.csproj", "{6ED454CB-A772-43E5-B72D-3FE9DA27337F}"
EndProject
Project("{FAE04EC0-301F-11D3-BF4B-00C04F79EFBC}") = "Advanced", "Advanced\Advanced.csproj", "{91372C0C-4DCD-44A0-ADEC-31BA2FD24568}"
EndProject
Global
	GlobalSection(SolutionConfigurationPlatforms) = preSolution
		Debug|Any CPU = Debug|Any CPU
		Release|Any CPU = Release|Any CPU
	EndGlobalSection
	GlobalSection(ProjectConfigurationPlatforms) = postSolution
		{6ED454CB-A772-43E5-B72D-3FE9DA27337F}.Debug|Any CPU.ActiveCfg = Debug|Any CPU
		{6ED454CB-A772-43E5-B72D-3FE9DA27337F}.Debug|Any CPU.Build.0 = Debug|Any CPU
		{6ED454CB-A772-43E5-B72D-3FE9DA27337F}.Release|Any CPU.ActiveCfg = Release|Any CPU
		{6ED454CB-A772-43E5-B72D-3FE9DA27337F}.Release|Any CPU.Build.0 = Release|Any CPU
		{91372C0C-4DCD-44A0-ADEC-31BA2FD24568}.Debug|Any CPU.ActiveCfg = Debug|Any CPU
		{91372C0C-4DCD-44A0-ADEC-31BA2FD24568}.Debug|Any CPU.Build.0 = Debug|Any CPU
		{91372C0C-4DCD-44A0-ADEC-31BA2FD24568}.Release|Any CPU.ActiveCfg = Release|Any CPU
		{91372C0C-4DCD-44A0-ADEC-31BA2FD24568}.Release|Any CPU.Build.0 = Release|Any CPU
	EndGlobalSection
	GlobalSection(SolutionProperties) = preSolution
		HideSolutionNode = FALSE
	EndGlobalSection
	GlobalSection(ExtensibilityGlobals) = postSolution
		SolutionGuid = {AB77118D-3CDB-4294-8843-84D376529C0D}
	EndGlobalSection
EndGlobal
